
Microsoft Visual Studio Solution File, Format Version 12.00
Project("{FAE04EC0-301F-11D3-BF4B-00C04F79EFBC}") = "BowlingLeague", "BowlingLeague\BowlingLeague.csproj", "{CC8C9202-13D2-4F99-831C-456F82D23A86}"
EndProject
Global
	GlobalSection(SolutionConfigurationPlatforms) = preSolution
		Debug|Any CPU = Debug|Any CPU
		Release|Any CPU = Release|Any CPU
	EndGlobalSection
	GlobalSection(ProjectConfigurationPlatforms) = postSolution
		{CC8C9202-13D2-4F99-831C-456F82D23A86}.Debug|Any CPU.ActiveCfg = Debug|Any CPU
		{CC8C9202-13D2-4F99-831C-456F82D23A86}.Debug|Any CPU.Build.0 = Debug|Any CPU
		{CC8C9202-13D2-4F99-831C-456F82D23A86}.Release|Any CPU.ActiveCfg = Release|Any CPU
		{CC8C9202-13D2-4F99-831C-456F82D23A86}.Release|Any CPU.Build.0 = Release|Any CPU
	EndGlobalSection
EndGlobal
